
Microsoft Visual Studio Solution File, Format Version 12.00
# Visual Studio Version 17
VisualStudioVersion = 17.0.31903.59
MinimumVisualStudioVersion = 10.0.40219.1
Project("{FAE04EC0-301F-11D3-BF4B-00C04F79EFBC}") = "CalculatorApp", "CalculatorApp\CalculatorApp.csproj", "{442067D4-2F92-416C-AAF9-8EEEC66BD19B}"
EndProject
Project("{FAE04EC0-301F-11D3-BF4B-00C04F79EFBC}") = "Calculator", "Calculator\Calculator.csproj", "{5278BFDE-1EA7-4BDD-8B84-5D083C025534}"
EndProject
Project("{FAE04EC0-301F-11D3-BF4B-00C04F79EFBC}") = "CalculatorTests", "CalculatorTests\CalculatorTests.csproj", "{949AB6CA-C7A9-4A9A-9171-FC3FA7A3AE39}"
EndProject
Global
	GlobalSection(SolutionConfigurationPlatforms) = preSolution
		Debug|Any CPU = Debug|Any CPU
		Release|Any CPU = Release|Any CPU
	EndGlobalSection
	GlobalSection(SolutionProperties) = preSolution
		HideSolutionNode = FALSE
	EndGlobalSection
	GlobalSection(ProjectConfigurationPlatforms) = postSolution
		{442067D4-2F92-416C-AAF9-8EEEC66BD19B}.Debug|Any CPU.ActiveCfg = Debug|Any CPU
		{442067D4-2F92-416C-AAF9-8EEEC66BD19B}.Debug|Any CPU.Build.0 = Debug|Any CPU
		{442067D4-2F92-416C-AAF9-8EEEC66BD19B}.Release|Any CPU.ActiveCfg = Release|Any CPU
		{442067D4-2F92-416C-AAF9-8EEEC66BD19B}.Release|Any CPU.Build.0 = Release|Any CPU
		{5278BFDE-1EA7-4BDD-8B84-5D083C025534}.Debug|Any CPU.ActiveCfg = Debug|Any CPU
		{5278BFDE-1EA7-4BDD-8B84-5D083C025534}.Debug|Any CPU.Build.0 = Debug|Any CPU
		{5278BFDE-1EA7-4BDD-8B84-5D083C025534}.Release|Any CPU.ActiveCfg = Release|Any CPU
		{5278BFDE-1EA7-4BDD-8B84-5D083C025534}.Release|Any CPU.Build.0 = Release|Any CPU
		{949AB6CA-C7A9-4A9A-9171-FC3FA7A3AE39}.Debug|Any CPU.ActiveCfg = Debug|Any CPU
		{949AB6CA-C7A9-4A9A-9171-FC3FA7A3AE39}.Debug|Any CPU.Build.0 = Debug|Any CPU
		{949AB6CA-C7A9-4A9A-9171-FC3FA7A3AE39}.Release|Any CPU.ActiveCfg = Release|Any CPU
		{949AB6CA-C7A9-4A9A-9171-FC3FA7A3AE39}.Release|Any CPU.Build.0 = Release|Any CPU
	EndGlobalSection
EndGlobal
